{
  "object": {
    "pins": [
      {
        "package": "iGraphics",
        "repositoryURL": "https://github.com/benjaminsage/iGraphics.git",
        "state": {
          "branch": null,
          "revision": "2b0714f7fe333621365854ebdce44ea2db866405",
          "version": "0.0.7"
        }
      },
      {
        "package": "iPages",
        "repositoryURL": "https://github.com/benjaminsage/iPages.git",
        "state": {
          "branch": null,
          "revision": "f57e3cba2cf4bd0a689236254cde361e54315720",
          "version": "0.0.13"
        }
      },
      {
        "package": "iPaymentButton",
        "repositoryURL": "https://github.com/benjaminsage/iPaymentButton",
        "state": {
          "branch": null,
          "revision": "e37a1808b4ae0da08a94b85d2c9d465d34360fbe",
          "version": "0.0.3"
        }
      },
      {
        "package": "SheetKit",
        "repositoryURL": "https://github.com/fatbobman/SheetKit.git",
        "state": {
          "branch": null,
          "revision": "daadabc0f142e2e96a210d19c436b8e2c4bdeb46",
          "version": "0.1.0"
        }
      }
    ]
  },
  "version": 1
}
